
Microsoft Visual Studio Solution File, Format Version 12.00
# Visual Studio Version 16
VisualStudioVersion = 25.0.1706.0
MinimumVisualStudioVersion = 10.0.40219.1
Project("{2150E333-8FDC-42A3-9474-1A3956D46DE8}") = "01. Clients", "01. Clients", "{C0BFA6A7-6592-4502-852E-9785D7D6D78A}"
EndProject
Project("{2150E333-8FDC-42A3-9474-1A3956D46DE8}") = "02. Api.Gateways", "02. Api.Gateways", "{148815AE-66D2-4658-8402-BDD5BDF71F65}"
EndProject
Project("{2150E333-8FDC-42A3-9474-1A3956D46DE8}") = "03. Services", "03. Services", "{6B034426-D4E5-47A4-9A3D-E41D984AF939}"
EndProject
Project("{2150E333-8FDC-42A3-9474-1A3956D46DE8}") = "01. Identity", "01. Identity", "{F3BB84F5-8D38-4CC6-B822-A85BB56C9604}"
EndProject
Project("{2150E333-8FDC-42A3-9474-1A3956D46DE8}") = "02. Catalog", "02. Catalog", "{CCF678E0-1767-4161-B86C-0B7884E9BA32}"
EndProject
Project("{2150E333-8FDC-42A3-9474-1A3956D46DE8}") = "03. Customer", "03. Customer", "{DE9596A2-9D4B-4532-8375-844A9847806A}"
EndProject
Project("{2150E333-8FDC-42A3-9474-1A3956D46DE8}") = "04. Order", "04. Order", "{238600B5-8D56-4FB7-8A6C-E5D3A2966D2D}"
EndProject
Project("{FAE04EC0-301F-11D3-BF4B-00C04F79EFBC}") = "Catalog.Api", "src\Services\Catalog\Catalog.Api\Catalog.Api.csproj", "{C4A85C50-5569-4DB1-8972-7EEB07F7BF46}"
EndProject
Project("{2150E333-8FDC-42A3-9474-1A3956D46DE8}") = "01. API", "01. API", "{316492F4-5E21-400A-84A0-7C403B438BA3}"
EndProject
Project("{2150E333-8FDC-42A3-9474-1A3956D46DE8}") = "02. Services", "02. Services", "{CA18DD49-9308-47FA-86FB-FE179375F3C0}"
EndProject
Project("{2150E333-8FDC-42A3-9474-1A3956D46DE8}") = "03. Persistence", "03. Persistence", "{45AAFA95-43EA-4F89-8B3E-0711F2E75B8E}"
EndProject
Project("{2150E333-8FDC-42A3-9474-1A3956D46DE8}") = "04. Models", "04. Models", "{1FFC6AF1-CA1B-4D8E-ADA5-B0D4A7C645C6}"
EndProject
Project("{FAE04EC0-301F-11D3-BF4B-00C04F79EFBC}") = "Catalog.Domain", "src\Services\Catalog\Catalog.Domain\Catalog.Domain.csproj", "{8D1CFF8A-E828-4BC0-8028-71BE24FB044D}"
EndProject
Project("{FAE04EC0-301F-11D3-BF4B-00C04F79EFBC}") = "Catalog.Persistence.Database", "src\Services\Catalog\Catalog.Persistence.Database\Catalog.Persistence.Database.csproj", "{9F5FE6AC-4F20-41A9-ACB3-8C7C88A9B53E}"
EndProject
Project("{FAE04EC0-301F-11D3-BF4B-00C04F79EFBC}") = "Catalog.Service.Queries", "src\Services\Catalog\Catalog.Service.Queries\Catalog.Service.Queries.csproj", "{DEC4D19F-D948-4225-BB50-7582F297D26C}"
EndProject
Project("{2150E333-8FDC-42A3-9474-1A3956D46DE8}") = "Common", "Common", "{8A92F413-2559-4693-83E5-A7041F630632}"
EndProject
Project("{FAE04EC0-301F-11D3-BF4B-00C04F79EFBC}") = "Service.Common.Collection", "src\Services\Service.Common.Collection\Service.Common.Collection.csproj", "{95BC091E-85A5-4A21-B12E-BB93452FCE1C}"
EndProject
Project("{FAE04EC0-301F-11D3-BF4B-00C04F79EFBC}") = "Service.Common.Mapping", "src\Services\Service.Common.Mapping\Service.Common.Mapping.csproj", "{40CE8B11-99C9-4E21-AF2E-2486EC9E356B}"
EndProject
Project("{FAE04EC0-301F-11D3-BF4B-00C04F79EFBC}") = "Service.Common.Paging", "src\Services\Service.Common.Paging\Service.Common.Paging.csproj", "{1A1D6D18-9AD3-434F-841D-E36CE487EECF}"
EndProject
Project("{FAE04EC0-301F-11D3-BF4B-00C04F79EFBC}") = "Catalog.Service.EventHandlers", "src\Services\Catalog\Catalog. Service.EventHandlers\Catalog.Service.EventHandlers.csproj", "{A4F705F7-59D4-4EA3-871C-37DC85294E7E}"
EndProject
Project("{FAE04EC0-301F-11D3-BF4B-00C04F79EFBC}") = "Identity.Api", "src\Services\Identity\Identity.Api\Identity.Api.csproj", "{86C5A7D3-E38D-42B2-81AF-569461EB3F45}"
EndProject
Project("{2150E333-8FDC-42A3-9474-1A3956D46DE8}") = "01. API", "01. API", "{078A98A2-FAD8-4845-ACB9-144A07F38023}"
EndProject
Project("{2150E333-8FDC-42A3-9474-1A3956D46DE8}") = "02. Services", "02. Services", "{4E0918E4-7827-42A8-8953-6535804BA16A}"
EndProject
Project("{2150E333-8FDC-42A3-9474-1A3956D46DE8}") = "03. Persistence", "03. Persistence", "{375B02AE-BCF2-4031-A75B-4C238424AF6A}"
EndProject
Project("{2150E333-8FDC-42A3-9474-1A3956D46DE8}") = "04. Models", "04. Models", "{2CA9A491-483E-4075-8FD2-7D52CE673735}"
EndProject
Project("{FAE04EC0-301F-11D3-BF4B-00C04F79EFBC}") = "Identity.Domain", "src\Services\Identity\Identity.Domain\Identity.Domain.csproj", "{61B17AAD-AF9B-4AFA-AEC7-A355DFEEEEA8}"
EndProject
Global
	GlobalSection(SolutionConfigurationPlatforms) = preSolution
		Debug|Any CPU = Debug|Any CPU
		Release|Any CPU = Release|Any CPU
	EndGlobalSection
	GlobalSection(ProjectConfigurationPlatforms) = postSolution
		{C4A85C50-5569-4DB1-8972-7EEB07F7BF46}.Debug|Any CPU.ActiveCfg = Debug|Any CPU
		{C4A85C50-5569-4DB1-8972-7EEB07F7BF46}.Debug|Any CPU.Build.0 = Debug|Any CPU
		{C4A85C50-5569-4DB1-8972-7EEB07F7BF46}.Release|Any CPU.ActiveCfg = Release|Any CPU
		{C4A85C50-5569-4DB1-8972-7EEB07F7BF46}.Release|Any CPU.Build.0 = Release|Any CPU
		{8D1CFF8A-E828-4BC0-8028-71BE24FB044D}.Debug|Any CPU.ActiveCfg = Debug|Any CPU
		{8D1CFF8A-E828-4BC0-8028-71BE24FB044D}.Debug|Any CPU.Build.0 = Debug|Any CPU
		{8D1CFF8A-E828-4BC0-8028-71BE24FB044D}.Release|Any CPU.ActiveCfg = Release|Any CPU
		{8D1CFF8A-E828-4BC0-8028-71BE24FB044D}.Release|Any CPU.Build.0 = Release|Any CPU
		{9F5FE6AC-4F20-41A9-ACB3-8C7C88A9B53E}.Debug|Any CPU.ActiveCfg = Debug|Any CPU
		{9F5FE6AC-4F20-41A9-ACB3-8C7C88A9B53E}.Debug|Any CPU.Build.0 = Debug|Any CPU
		{9F5FE6AC-4F20-41A9-ACB3-8C7C88A9B53E}.Release|Any CPU.ActiveCfg = Release|Any CPU
		{9F5FE6AC-4F20-41A9-ACB3-8C7C88A9B53E}.Release|Any CPU.Build.0 = Release|Any CPU
		{DEC4D19F-D948-4225-BB50-7582F297D26C}.Debug|Any CPU.ActiveCfg = Debug|Any CPU
		{DEC4D19F-D948-4225-BB50-7582F297D26C}.Debug|Any CPU.Build.0 = Debug|Any CPU
		{DEC4D19F-D948-4225-BB50-7582F297D26C}.Release|Any CPU.ActiveCfg = Release|Any CPU
		{DEC4D19F-D948-4225-BB50-7582F297D26C}.Release|Any CPU.Build.0 = Release|Any CPU
		{95BC091E-85A5-4A21-B12E-BB93452FCE1C}.Debug|Any CPU.ActiveCfg = Debug|Any CPU
		{95BC091E-85A5-4A21-B12E-BB93452FCE1C}.Debug|Any CPU.Build.0 = Debug|Any CPU
		{95BC091E-85A5-4A21-B12E-BB93452FCE1C}.Release|Any CPU.ActiveCfg = Release|Any CPU
		{95BC091E-85A5-4A21-B12E-BB93452FCE1C}.Release|Any CPU.Build.0 = Release|Any CPU
		{40CE8B11-99C9-4E21-AF2E-2486EC9E356B}.Debug|Any CPU.ActiveCfg = Debug|Any CPU
		{40CE8B11-99C9-4E21-AF2E-2486EC9E356B}.Debug|Any CPU.Build.0 = Debug|Any CPU
		{40CE8B11-99C9-4E21-AF2E-2486EC9E356B}.Release|Any CPU.ActiveCfg = Release|Any CPU
		{40CE8B11-99C9-4E21-AF2E-2486EC9E356B}.Release|Any CPU.Build.0 = Release|Any CPU
		{1A1D6D18-9AD3-434F-841D-E36CE487EECF}.Debug|Any CPU.ActiveCfg = Debug|Any CPU
		{1A1D6D18-9AD3-434F-841D-E36CE487EECF}.Debug|Any CPU.Build.0 = Debug|Any CPU
		{1A1D6D18-9AD3-434F-841D-E36CE487EECF}.Release|Any CPU.ActiveCfg = Release|Any CPU
		{1A1D6D18-9AD3-434F-841D-E36CE487EECF}.Release|Any CPU.Build.0 = Release|Any CPU
		{A4F705F7-59D4-4EA3-871C-37DC85294E7E}.Debug|Any CPU.ActiveCfg = Debug|Any CPU
		{A4F705F7-59D4-4EA3-871C-37DC85294E7E}.Debug|Any CPU.Build.0 = Debug|Any CPU
		{A4F705F7-59D4-4EA3-871C-37DC85294E7E}.Release|Any CPU.ActiveCfg = Release|Any CPU
		{A4F705F7-59D4-4EA3-871C-37DC85294E7E}.Release|Any CPU.Build.0 = Release|Any CPU
		{86C5A7D3-E38D-42B2-81AF-569461EB3F45}.Debug|Any CPU.ActiveCfg = Debug|Any CPU
		{86C5A7D3-E38D-42B2-81AF-569461EB3F45}.Debug|Any CPU.Build.0 = Debug|Any CPU
		{86C5A7D3-E38D-42B2-81AF-569461EB3F45}.Release|Any CPU.ActiveCfg = Release|Any CPU
		{86C5A7D3-E38D-42B2-81AF-569461EB3F45}.Release|Any CPU.Build.0 = Release|Any CPU
		{61B17AAD-AF9B-4AFA-AEC7-A355DFEEEEA8}.Debug|Any CPU.ActiveCfg = Debug|Any CPU
		{61B17AAD-AF9B-4AFA-AEC7-A355DFEEEEA8}.Debug|Any CPU.Build.0 = Debug|Any CPU
		{61B17AAD-AF9B-4AFA-AEC7-A355DFEEEEA8}.Release|Any CPU.ActiveCfg = Release|Any CPU
		{61B17AAD-AF9B-4AFA-AEC7-A355DFEEEEA8}.Release|Any CPU.Build.0 = Release|Any CPU
	EndGlobalSection
	GlobalSection(SolutionProperties) = preSolution
		HideSolutionNode = FALSE
	EndGlobalSection
	GlobalSection(ExtensibilityGlobals) = postSolution
		SolutionGuid = {03B73D37-8F15-4197-9C3E-41DECAB006C3}
	EndGlobalSection
	GlobalSection(NestedProjects) = preSolution
		{F3BB84F5-8D38-4CC6-B822-A85BB56C9604} = {6B034426-D4E5-47A4-9A3D-E41D984AF939}
		{CCF678E0-1767-4161-B86C-0B7884E9BA32} = {6B034426-D4E5-47A4-9A3D-E41D984AF939}
		{DE9596A2-9D4B-4532-8375-844A9847806A} = {6B034426-D4E5-47A4-9A3D-E41D984AF939}
		{238600B5-8D56-4FB7-8A6C-E5D3A2966D2D} = {6B034426-D4E5-47A4-9A3D-E41D984AF939}
		{C4A85C50-5569-4DB1-8972-7EEB07F7BF46} = {316492F4-5E21-400A-84A0-7C403B438BA3}
		{316492F4-5E21-400A-84A0-7C403B438BA3} = {CCF678E0-1767-4161-B86C-0B7884E9BA32}
		{CA18DD49-9308-47FA-86FB-FE179375F3C0} = {CCF678E0-1767-4161-B86C-0B7884E9BA32}
		{45AAFA95-43EA-4F89-8B3E-0711F2E75B8E} = {CCF678E0-1767-4161-B86C-0B7884E9BA32}
		{1FFC6AF1-CA1B-4D8E-ADA5-B0D4A7C645C6} = {CCF678E0-1767-4161-B86C-0B7884E9BA32}
		{8D1CFF8A-E828-4BC0-8028-71BE24FB044D} = {1FFC6AF1-CA1B-4D8E-ADA5-B0D4A7C645C6}
		{9F5FE6AC-4F20-41A9-ACB3-8C7C88A9B53E} = {45AAFA95-43EA-4F89-8B3E-0711F2E75B8E}
		{DEC4D19F-D948-4225-BB50-7582F297D26C} = {CA18DD49-9308-47FA-86FB-FE179375F3C0}
		{8A92F413-2559-4693-83E5-A7041F630632} = {6B034426-D4E5-47A4-9A3D-E41D984AF939}
		{95BC091E-85A5-4A21-B12E-BB93452FCE1C} = {8A92F413-2559-4693-83E5-A7041F630632}
		{40CE8B11-99C9-4E21-AF2E-2486EC9E356B} = {8A92F413-2559-4693-83E5-A7041F630632}
		{1A1D6D18-9AD3-434F-841D-E36CE487EECF} = {8A92F413-2559-4693-83E5-A7041F630632}
		{A4F705F7-59D4-4EA3-871C-37DC85294E7E} = {CA18DD49-9308-47FA-86FB-FE179375F3C0}
		{86C5A7D3-E38D-42B2-81AF-569461EB3F45} = {078A98A2-FAD8-4845-ACB9-144A07F38023}
		{078A98A2-FAD8-4845-ACB9-144A07F38023} = {F3BB84F5-8D38-4CC6-B822-A85BB56C9604}
		{4E0918E4-7827-42A8-8953-6535804BA16A} = {F3BB84F5-8D38-4CC6-B822-A85BB56C9604}
		{375B02AE-BCF2-4031-A75B-4C238424AF6A} = {F3BB84F5-8D38-4CC6-B822-A85BB56C9604}
		{2CA9A491-483E-4075-8FD2-7D52CE673735} = {F3BB84F5-8D38-4CC6-B822-A85BB56C9604}
		{61B17AAD-AF9B-4AFA-AEC7-A355DFEEEEA8} = {2CA9A491-483E-4075-8FD2-7D52CE673735}
	EndGlobalSection
EndGlobal
